
Microsoft Visual Studio Solution File, Format Version 12.00
# Visual Studio Version 16
VisualStudioVersion = 16.0.32228.343
MinimumVisualStudioVersion = 10.0.40219.1
Project("{FAE04EC0-301F-11D3-BF4B-00C04F79EFBC}") = "Activity4PABD", "Activity4PABD\Activity4PABD.csproj", "{22D4781F-4B74-4E21-A7C4-437F5D826F50}"
EndProject
Global
	GlobalSection(SolutionConfigurationPlatforms) = preSolution
		Debug|Any CPU = Debug|Any CPU
		Release|Any CPU = Release|Any CPU
	EndGlobalSection
	GlobalSection(ProjectConfigurationPlatforms) = postSolution
		{22D4781F-4B74-4E21-A7C4-437F5D826F50}.Debug|Any CPU.ActiveCfg = Debug|Any CPU
		{22D4781F-4B74-4E21-A7C4-437F5D826F50}.Debug|Any CPU.Build.0 = Debug|Any CPU
		{22D4781F-4B74-4E21-A7C4-437F5D826F50}.Release|Any CPU.ActiveCfg = Release|Any CPU
		{22D4781F-4B74-4E21-A7C4-437F5D826F50}.Release|Any CPU.Build.0 = Release|Any CPU
	EndGlobalSection
	GlobalSection(SolutionProperties) = preSolution
		HideSolutionNode = FALSE
	EndGlobalSection
	GlobalSection(ExtensibilityGlobals) = postSolution
		SolutionGuid = {8F669286-C79D-4DFE-8A98-703A01BE2899}
	EndGlobalSection
EndGlobal
